
Microsoft Visual Studio Solution File, Format Version 10.00
# Visual Studio 2008
Project("{FAE04EC0-301F-11D3-BF4B-00C04F79EFBC}") = "SLApp", "SLApp\SLApp.csproj", "{12A873D1-DD67-4B90-AF6C-8281B24EC67C}"
EndProject
Project("{FAE04EC0-301F-11D3-BF4B-00C04F79EFBC}") = "SLWeb", "SLWeb\SLWeb.csproj", "{87011974-3EBF-46C0-8C87-B0FE55172E22}"
EndProject
Project("{FAE04EC0-301F-11D3-BF4B-00C04F79EFBC}") = "WssSVLib", "WssSVLib\WssSVLib.csproj", "{5FA2FB99-4F82-4ADF-994A-9DB028711760}"
EndProject
Global
	GlobalSection(SubversionScc) = preSolution
		Svn-Managed = True
		Manager = AnkhSVN - Subversion Support for Visual Studio
	EndGlobalSection
	GlobalSection(SolutionConfigurationPlatforms) = preSolution
		Debug|Any CPU = Debug|Any CPU
		Release|Any CPU = Release|Any CPU
	EndGlobalSection
	GlobalSection(ProjectConfigurationPlatforms) = postSolution
		{12A873D1-DD67-4B90-AF6C-8281B24EC67C}.Debug|Any CPU.ActiveCfg = Debug|Any CPU
		{12A873D1-DD67-4B90-AF6C-8281B24EC67C}.Debug|Any CPU.Build.0 = Debug|Any CPU
		{12A873D1-DD67-4B90-AF6C-8281B24EC67C}.Release|Any CPU.ActiveCfg = Release|Any CPU
		{12A873D1-DD67-4B90-AF6C-8281B24EC67C}.Release|Any CPU.Build.0 = Release|Any CPU
		{87011974-3EBF-46C0-8C87-B0FE55172E22}.Debug|Any CPU.ActiveCfg = Debug|Any CPU
		{87011974-3EBF-46C0-8C87-B0FE55172E22}.Debug|Any CPU.Build.0 = Debug|Any CPU
		{87011974-3EBF-46C0-8C87-B0FE55172E22}.Release|Any CPU.ActiveCfg = Release|Any CPU
		{87011974-3EBF-46C0-8C87-B0FE55172E22}.Release|Any CPU.Build.0 = Release|Any CPU
		{5FA2FB99-4F82-4ADF-994A-9DB028711760}.Debug|Any CPU.ActiveCfg = Debug|Any CPU
		{5FA2FB99-4F82-4ADF-994A-9DB028711760}.Debug|Any CPU.Build.0 = Debug|Any CPU
		{5FA2FB99-4F82-4ADF-994A-9DB028711760}.Release|Any CPU.ActiveCfg = Release|Any CPU
		{5FA2FB99-4F82-4ADF-994A-9DB028711760}.Release|Any CPU.Build.0 = Release|Any CPU
	EndGlobalSection
	GlobalSection(SolutionProperties) = preSolution
		HideSolutionNode = FALSE
	EndGlobalSection
EndGlobal
