
Microsoft Visual Studio Solution File, Format Version 11.00
# Visual Studio 2010
Project("{2150E333-8FDC-42A3-9474-1A3956D46DE8}") = "Frame", "Frame", "{6E018DA8-6A02-4D2B-A668-110E10A47EAB}"
EndProject
Project("{2150E333-8FDC-42A3-9474-1A3956D46DE8}") = "BLL", "BLL", "{7CA9A43B-E2BC-4A90-AD8D-34BAFF16BD4A}"
EndProject
Project("{2150E333-8FDC-42A3-9474-1A3956D46DE8}") = "DAL", "DAL", "{530B7093-ADD7-4D42-9FD6-7A51F96A344A}"
EndProject
Project("{2150E333-8FDC-42A3-9474-1A3956D46DE8}") = "Lib", "Lib", "{381123CC-09B2-4EFE-AE39-D1B773454770}"
EndProject
Project("{2150E333-8FDC-42A3-9474-1A3956D46DE8}") = "Web", "Web", "{226ED914-4CCE-439F-839D-2CB58BDEF62A}"
EndProject
Project("{FAE04EC0-301F-11D3-BF4B-00C04F79EFBC}") = "Alxf.Frame.Tool", "Alxf.Frame.Tool\Alxf.Frame.Tool.csproj", "{F1AE3002-BA0A-40CD-B94B-9945EC67522E}"
EndProject
Project("{FAE04EC0-301F-11D3-BF4B-00C04F79EFBC}") = "Alxf.Frame.Page", "Alxf.Frame.Page\Alxf.Frame.Page.csproj", "{06B31926-8838-4FC0-BC3C-9699A40D810B}"
EndProject
Project("{FAE04EC0-301F-11D3-BF4B-00C04F79EFBC}") = "Alxf.Frame.Handler", "Alxf.Frame.Handler\Alxf.Frame.Handler.csproj", "{E6780316-6A7F-4CA8-80BA-844DA6C00B23}"
EndProject
Project("{FAE04EC0-301F-11D3-BF4B-00C04F79EFBC}") = "Alxf.Frame.Exception", "Alxf.Frame.Exception\Alxf.Frame.Exception.csproj", "{8DC97BF9-3A36-4B71-9E84-B371569FFEFE}"
EndProject
Project("{FAE04EC0-301F-11D3-BF4B-00C04F79EFBC}") = "Alxf.Frame.WebControl", "Alxf.Frame.WebControl\Alxf.Frame.WebControl.csproj", "{3A309A6D-3A07-4375-9656-019369C50B0D}"
EndProject
Project("{FAE04EC0-301F-11D3-BF4B-00C04F79EFBC}") = "Alxf.Frame.Chart", "Alxf.Frame.Chart\Alxf.Frame.Chart.csproj", "{A739777C-845C-4B57-9493-ECF6B3A8E611}"
EndProject
Project("{FAE04EC0-301F-11D3-BF4B-00C04F79EFBC}") = "Alxf.Frame.DataBase", "Alxf.Frame.DataBase\Alxf.Frame.DataBase.csproj", "{CDA98A13-7806-4541-A58F-864176421AEC}"
EndProject
Project("{FAE04EC0-301F-11D3-BF4B-00C04F79EFBC}") = "Alxf.Frame.ModelBase", "Alxf.Frame.ModelBase\Alxf.Frame.ModelBase.csproj", "{5884EE45-464D-4B20-88A9-361C766CF94D}"
EndProject
Project("{FAE04EC0-301F-11D3-BF4B-00C04F79EFBC}") = "Alxf.WebDemo", "Alxf.WebDemo\Alxf.WebDemo.csproj", "{E18D4E56-304F-4EEE-8E3A-E8F6419FE389}"
EndProject
Project("{FAE04EC0-301F-11D3-BF4B-00C04F79EFBC}") = "Alxf.DAL.Demo", "Alxf.DAL.Demo\Alxf.DAL.Demo.csproj", "{29C7DBC0-0300-4C92-B2E9-8C8BA5629B56}"
EndProject
Project("{FAE04EC0-301F-11D3-BF4B-00C04F79EFBC}") = "Alxf.BLL.Demo", "Alxf.BLL.Demo\Alxf.BLL.Demo.csproj", "{D0560C83-CFE2-4717-8365-5B333C5D2660}"
EndProject
Project("{F2A71F9B-5D33-465A-A702-920D77279786}") = "fs_Library1", "fs_Library1\fs_Library1.fsproj", "{FB442016-2620-48BB-A0F4-E5173D197D58}"
EndProject
Project("{FAE04EC0-301F-11D3-BF4B-00C04F79EFBC}") = "Alxf.DevTool", "Alxf.DevTool\Alxf.DevTool.csproj", "{92862B71-0308-45C9-AB5B-615E79DD5211}"
EndProject
Project("{FAE04EC0-301F-11D3-BF4B-00C04F79EFBC}") = "Alxf.TestProject", "Alxf.TestProject\Alxf.TestProject.csproj", "{AE44C6BA-3965-4D1C-9F7C-85F38631E879}"
EndProject
Project("{2150E333-8FDC-42A3-9474-1A3956D46DE8}") = "Solution Items", "Solution Items", "{743CB731-CE6D-4728-8C9D-4B3595D45FAC}"
	ProjectSection(SolutionItems) = preProject
		Alxf.vsmdi = Alxf.vsmdi
		Local.testsettings = Local.testsettings
		TraceAndTestImpact.testsettings = TraceAndTestImpact.testsettings
	EndProjectSection
EndProject
Project("{FAE04EC0-301F-11D3-BF4B-00C04F79EFBC}") = "Alxf.ProduceCard", "Alxf.ProduceCard\Alxf.ProduceCard.csproj", "{7B314CF2-8D71-4DE7-806C-62F26847440C}"
EndProject
Project("{FAE04EC0-301F-11D3-BF4B-00C04F79EFBC}") = "Alxf.ProduceCard.BLL", "Alxf.ProduceCard.BLL\Alxf.ProduceCard.BLL.csproj", "{33E09F9F-0DD3-4244-A84B-818B8FEBF076}"
EndProject
Project("{FAE04EC0-301F-11D3-BF4B-00C04F79EFBC}") = "Alxf.ProduceCard.DAL", "Alxf.ProduceCard.DAL\Alxf.ProduceCard.DAL.csproj", "{0C59F814-9CCE-43EB-AB0D-5ABD7F826FB5}"
EndProject
Global
	GlobalSection(TestCaseManagementSettings) = postSolution
		CategoryFile = Alxf.vsmdi
	EndGlobalSection
	GlobalSection(SolutionConfigurationPlatforms) = preSolution
		Debug|Any CPU = Debug|Any CPU
		Release|Any CPU = Release|Any CPU
	EndGlobalSection
	GlobalSection(ProjectConfigurationPlatforms) = postSolution
		{F1AE3002-BA0A-40CD-B94B-9945EC67522E}.Debug|Any CPU.ActiveCfg = Debug|Any CPU
		{F1AE3002-BA0A-40CD-B94B-9945EC67522E}.Debug|Any CPU.Build.0 = Debug|Any CPU
		{F1AE3002-BA0A-40CD-B94B-9945EC67522E}.Release|Any CPU.ActiveCfg = Release|Any CPU
		{F1AE3002-BA0A-40CD-B94B-9945EC67522E}.Release|Any CPU.Build.0 = Release|Any CPU
		{06B31926-8838-4FC0-BC3C-9699A40D810B}.Debug|Any CPU.ActiveCfg = Debug|Any CPU
		{06B31926-8838-4FC0-BC3C-9699A40D810B}.Debug|Any CPU.Build.0 = Debug|Any CPU
		{06B31926-8838-4FC0-BC3C-9699A40D810B}.Release|Any CPU.ActiveCfg = Release|Any CPU
		{06B31926-8838-4FC0-BC3C-9699A40D810B}.Release|Any CPU.Build.0 = Release|Any CPU
		{E6780316-6A7F-4CA8-80BA-844DA6C00B23}.Debug|Any CPU.ActiveCfg = Debug|Any CPU
		{E6780316-6A7F-4CA8-80BA-844DA6C00B23}.Debug|Any CPU.Build.0 = Debug|Any CPU
		{E6780316-6A7F-4CA8-80BA-844DA6C00B23}.Release|Any CPU.ActiveCfg = Release|Any CPU
		{E6780316-6A7F-4CA8-80BA-844DA6C00B23}.Release|Any CPU.Build.0 = Release|Any CPU
		{8DC97BF9-3A36-4B71-9E84-B371569FFEFE}.Debug|Any CPU.ActiveCfg = Debug|Any CPU
		{8DC97BF9-3A36-4B71-9E84-B371569FFEFE}.Debug|Any CPU.Build.0 = Debug|Any CPU
		{8DC97BF9-3A36-4B71-9E84-B371569FFEFE}.Release|Any CPU.ActiveCfg = Release|Any CPU
		{8DC97BF9-3A36-4B71-9E84-B371569FFEFE}.Release|Any CPU.Build.0 = Release|Any CPU
		{3A309A6D-3A07-4375-9656-019369C50B0D}.Debug|Any CPU.ActiveCfg = Debug|Any CPU
		{3A309A6D-3A07-4375-9656-019369C50B0D}.Debug|Any CPU.Build.0 = Debug|Any CPU
		{3A309A6D-3A07-4375-9656-019369C50B0D}.Release|Any CPU.ActiveCfg = Release|Any CPU
		{3A309A6D-3A07-4375-9656-019369C50B0D}.Release|Any CPU.Build.0 = Release|Any CPU
		{A739777C-845C-4B57-9493-ECF6B3A8E611}.Debug|Any CPU.ActiveCfg = Debug|Any CPU
		{A739777C-845C-4B57-9493-ECF6B3A8E611}.Debug|Any CPU.Build.0 = Debug|Any CPU
		{A739777C-845C-4B57-9493-ECF6B3A8E611}.Release|Any CPU.ActiveCfg = Release|Any CPU
		{A739777C-845C-4B57-9493-ECF6B3A8E611}.Release|Any CPU.Build.0 = Release|Any CPU
		{CDA98A13-7806-4541-A58F-864176421AEC}.Debug|Any CPU.ActiveCfg = Debug|Any CPU
		{CDA98A13-7806-4541-A58F-864176421AEC}.Debug|Any CPU.Build.0 = Debug|Any CPU
		{CDA98A13-7806-4541-A58F-864176421AEC}.Release|Any CPU.ActiveCfg = Release|Any CPU
		{CDA98A13-7806-4541-A58F-864176421AEC}.Release|Any CPU.Build.0 = Release|Any CPU
		{5884EE45-464D-4B20-88A9-361C766CF94D}.Debug|Any CPU.ActiveCfg = Debug|Any CPU
		{5884EE45-464D-4B20-88A9-361C766CF94D}.Debug|Any CPU.Build.0 = Debug|Any CPU
		{5884EE45-464D-4B20-88A9-361C766CF94D}.Release|Any CPU.ActiveCfg = Release|Any CPU
		{5884EE45-464D-4B20-88A9-361C766CF94D}.Release|Any CPU.Build.0 = Release|Any CPU
		{E18D4E56-304F-4EEE-8E3A-E8F6419FE389}.Debug|Any CPU.ActiveCfg = Debug|Any CPU
		{E18D4E56-304F-4EEE-8E3A-E8F6419FE389}.Debug|Any CPU.Build.0 = Debug|Any CPU
		{E18D4E56-304F-4EEE-8E3A-E8F6419FE389}.Release|Any CPU.ActiveCfg = Release|Any CPU
		{E18D4E56-304F-4EEE-8E3A-E8F6419FE389}.Release|Any CPU.Build.0 = Release|Any CPU
		{29C7DBC0-0300-4C92-B2E9-8C8BA5629B56}.Debug|Any CPU.ActiveCfg = Debug|Any CPU
		{29C7DBC0-0300-4C92-B2E9-8C8BA5629B56}.Debug|Any CPU.Build.0 = Debug|Any CPU
		{29C7DBC0-0300-4C92-B2E9-8C8BA5629B56}.Release|Any CPU.ActiveCfg = Release|Any CPU
		{29C7DBC0-0300-4C92-B2E9-8C8BA5629B56}.Release|Any CPU.Build.0 = Release|Any CPU
		{D0560C83-CFE2-4717-8365-5B333C5D2660}.Debug|Any CPU.ActiveCfg = Debug|Any CPU
		{D0560C83-CFE2-4717-8365-5B333C5D2660}.Debug|Any CPU.Build.0 = Debug|Any CPU
		{D0560C83-CFE2-4717-8365-5B333C5D2660}.Release|Any CPU.ActiveCfg = Release|Any CPU
		{D0560C83-CFE2-4717-8365-5B333C5D2660}.Release|Any CPU.Build.0 = Release|Any CPU
		{FB442016-2620-48BB-A0F4-E5173D197D58}.Debug|Any CPU.ActiveCfg = Debug|Any CPU
		{FB442016-2620-48BB-A0F4-E5173D197D58}.Debug|Any CPU.Build.0 = Debug|Any CPU
		{FB442016-2620-48BB-A0F4-E5173D197D58}.Release|Any CPU.ActiveCfg = Release|Any CPU
		{FB442016-2620-48BB-A0F4-E5173D197D58}.Release|Any CPU.Build.0 = Release|Any CPU
		{92862B71-0308-45C9-AB5B-615E79DD5211}.Debug|Any CPU.ActiveCfg = Debug|Any CPU
		{92862B71-0308-45C9-AB5B-615E79DD5211}.Debug|Any CPU.Build.0 = Debug|Any CPU
		{92862B71-0308-45C9-AB5B-615E79DD5211}.Release|Any CPU.ActiveCfg = Release|Any CPU
		{92862B71-0308-45C9-AB5B-615E79DD5211}.Release|Any CPU.Build.0 = Release|Any CPU
		{AE44C6BA-3965-4D1C-9F7C-85F38631E879}.Debug|Any CPU.ActiveCfg = Debug|Any CPU
		{AE44C6BA-3965-4D1C-9F7C-85F38631E879}.Debug|Any CPU.Build.0 = Debug|Any CPU
		{AE44C6BA-3965-4D1C-9F7C-85F38631E879}.Release|Any CPU.ActiveCfg = Release|Any CPU
		{AE44C6BA-3965-4D1C-9F7C-85F38631E879}.Release|Any CPU.Build.0 = Release|Any CPU
		{7B314CF2-8D71-4DE7-806C-62F26847440C}.Debug|Any CPU.ActiveCfg = Debug|Any CPU
		{7B314CF2-8D71-4DE7-806C-62F26847440C}.Debug|Any CPU.Build.0 = Debug|Any CPU
		{7B314CF2-8D71-4DE7-806C-62F26847440C}.Release|Any CPU.ActiveCfg = Release|Any CPU
		{7B314CF2-8D71-4DE7-806C-62F26847440C}.Release|Any CPU.Build.0 = Release|Any CPU
		{33E09F9F-0DD3-4244-A84B-818B8FEBF076}.Debug|Any CPU.ActiveCfg = Debug|Any CPU
		{33E09F9F-0DD3-4244-A84B-818B8FEBF076}.Debug|Any CPU.Build.0 = Debug|Any CPU
		{33E09F9F-0DD3-4244-A84B-818B8FEBF076}.Release|Any CPU.ActiveCfg = Release|Any CPU
		{33E09F9F-0DD3-4244-A84B-818B8FEBF076}.Release|Any CPU.Build.0 = Release|Any CPU
		{0C59F814-9CCE-43EB-AB0D-5ABD7F826FB5}.Debug|Any CPU.ActiveCfg = Debug|Any CPU
		{0C59F814-9CCE-43EB-AB0D-5ABD7F826FB5}.Debug|Any CPU.Build.0 = Debug|Any CPU
		{0C59F814-9CCE-43EB-AB0D-5ABD7F826FB5}.Release|Any CPU.ActiveCfg = Release|Any CPU
		{0C59F814-9CCE-43EB-AB0D-5ABD7F826FB5}.Release|Any CPU.Build.0 = Release|Any CPU
	EndGlobalSection
	GlobalSection(SolutionProperties) = preSolution
		HideSolutionNode = FALSE
	EndGlobalSection
	GlobalSection(NestedProjects) = preSolution
		{F1AE3002-BA0A-40CD-B94B-9945EC67522E} = {6E018DA8-6A02-4D2B-A668-110E10A47EAB}
		{06B31926-8838-4FC0-BC3C-9699A40D810B} = {6E018DA8-6A02-4D2B-A668-110E10A47EAB}
		{E6780316-6A7F-4CA8-80BA-844DA6C00B23} = {6E018DA8-6A02-4D2B-A668-110E10A47EAB}
		{8DC97BF9-3A36-4B71-9E84-B371569FFEFE} = {6E018DA8-6A02-4D2B-A668-110E10A47EAB}
		{3A309A6D-3A07-4375-9656-019369C50B0D} = {6E018DA8-6A02-4D2B-A668-110E10A47EAB}
		{A739777C-845C-4B57-9493-ECF6B3A8E611} = {6E018DA8-6A02-4D2B-A668-110E10A47EAB}
		{CDA98A13-7806-4541-A58F-864176421AEC} = {6E018DA8-6A02-4D2B-A668-110E10A47EAB}
		{5884EE45-464D-4B20-88A9-361C766CF94D} = {6E018DA8-6A02-4D2B-A668-110E10A47EAB}
		{D0560C83-CFE2-4717-8365-5B333C5D2660} = {7CA9A43B-E2BC-4A90-AD8D-34BAFF16BD4A}
		{33E09F9F-0DD3-4244-A84B-818B8FEBF076} = {7CA9A43B-E2BC-4A90-AD8D-34BAFF16BD4A}
		{29C7DBC0-0300-4C92-B2E9-8C8BA5629B56} = {530B7093-ADD7-4D42-9FD6-7A51F96A344A}
		{0C59F814-9CCE-43EB-AB0D-5ABD7F826FB5} = {530B7093-ADD7-4D42-9FD6-7A51F96A344A}
		{E18D4E56-304F-4EEE-8E3A-E8F6419FE389} = {226ED914-4CCE-439F-839D-2CB58BDEF62A}
		{92862B71-0308-45C9-AB5B-615E79DD5211} = {226ED914-4CCE-439F-839D-2CB58BDEF62A}
		{7B314CF2-8D71-4DE7-806C-62F26847440C} = {226ED914-4CCE-439F-839D-2CB58BDEF62A}
	EndGlobalSection
EndGlobal
